github.com/eyedeekay/i2pkeys v0.33.7 h1:cxqHSkl6b2lHyPJUtIQZBiipYf7NQVYqM1d3ub0MI4k=
github.com/eyedeekay/i2pkeys v0.33.7/go.mod h1:W9KCm9lqZ+Ozwl3dwcgnpPXAML97+I8Jiht7o5A8YBM=
github.com/eyedeekay/sam3 v0.33.7 h1:GPYHG4NHxvhqPbGNJ3wKvUQyZSTCmX17f5L5QvyefGs=
github.com/eyedeekay/sam3 v0.33.7/go.mod h1:25cRGEFawSkbiPNSh7vTUIpRtEYLVLg/4J4He6LndAY=
